
Microsoft Visual Studio Solution File, Format Version 12.00
# Visual Studio Version 16
VisualStudioVersion = 16.0.31829.152
MinimumVisualStudioVersion = 10.0.40219.1
Project("{2150E333-8FDC-42A3-9474-1A3956D46DE8}") = "Services", "Services", "{18FC6D21-3059-4F85-806A-18217AC4E844}"
EndProject
Project("{2150E333-8FDC-42A3-9474-1A3956D46DE8}") = "Shared", "Shared", "{D79DAE15-1F93-43F2-846E-B168057C7968}"
EndProject
Project("{2150E333-8FDC-42A3-9474-1A3956D46DE8}") = "LessonService", "LessonService", "{9A20566A-6E22-4AAF-A4E3-CDBE5D189A80}"
EndProject
Project("{9A19103F-16F7-4668-BE54-9A1E7A4F7556}") = "Lesson.API", "Services\LessonService\Lesson.API\Lesson.API.csproj", "{CB55E4D5-3ACB-41F3-83E1-81480F51E109}"
EndProject
Project("{9A19103F-16F7-4668-BE54-9A1E7A4F7556}") = "Lesson.Domain", "Services\LessonService\Lesson.Domain\Lesson.Domain.csproj", "{A5827631-6F58-4136-9EC9-E0D494F1BAB9}"
EndProject
Project("{9A19103F-16F7-4668-BE54-9A1E7A4F7556}") = "Lesson.Infrastructure", "Services\LessonService\Lesson.Infrastructure\Lesson.Infrastructure.csproj", "{71E2C314-45CC-4229-BA36-D53701A9B972}"
EndProject
Project("{9A19103F-16F7-4668-BE54-9A1E7A4F7556}") = "SharedLibrary", "Shared\SharedLibrary\SharedLibrary.csproj", "{3F8A5C99-5F6F-48CD-8B13-4C623FD76979}"
EndProject
Project("{2150E333-8FDC-42A3-9474-1A3956D46DE8}") = "IdentityServer", "IdentityServer", "{F45E9E72-4913-4B3D-9C9A-C132F7BE3DFC}"
EndProject
Project("{2150E333-8FDC-42A3-9474-1A3956D46DE8}") = "Web Client", "Web Client", "{F39E35EE-E0DD-4E52-B58E-6F2AACAE2CDD}"
EndProject
Project("{9A19103F-16F7-4668-BE54-9A1E7A4F7556}") = "DYS.WebClient", "Web Client\DYS.WebClient\DYS.WebClient.csproj", "{2DB1396A-C382-4BA8-93B9-0266B978C716}"
EndProject
Project("{9A19103F-16F7-4668-BE54-9A1E7A4F7556}") = "DYS.AuthServer", "IdentityServer\DYS.AuthServer\DYS.AuthServer.csproj", "{F9D45B26-E85B-4D73-A848-87CAC4AE6B91}"
EndProject
Global
	GlobalSection(SolutionConfigurationPlatforms) = preSolution
		Debug|Any CPU = Debug|Any CPU
		Release|Any CPU = Release|Any CPU
	EndGlobalSection
	GlobalSection(ProjectConfigurationPlatforms) = postSolution
		{CB55E4D5-3ACB-41F3-83E1-81480F51E109}.Debug|Any CPU.ActiveCfg = Debug|Any CPU
		{CB55E4D5-3ACB-41F3-83E1-81480F51E109}.Debug|Any CPU.Build.0 = Debug|Any CPU
		{CB55E4D5-3ACB-41F3-83E1-81480F51E109}.Release|Any CPU.ActiveCfg = Release|Any CPU
		{CB55E4D5-3ACB-41F3-83E1-81480F51E109}.Release|Any CPU.Build.0 = Release|Any CPU
		{A5827631-6F58-4136-9EC9-E0D494F1BAB9}.Debug|Any CPU.ActiveCfg = Debug|Any CPU
		{A5827631-6F58-4136-9EC9-E0D494F1BAB9}.Debug|Any CPU.Build.0 = Debug|Any CPU
		{A5827631-6F58-4136-9EC9-E0D494F1BAB9}.Release|Any CPU.ActiveCfg = Release|Any CPU
		{A5827631-6F58-4136-9EC9-E0D494F1BAB9}.Release|Any CPU.Build.0 = Release|Any CPU
		{71E2C314-45CC-4229-BA36-D53701A9B972}.Debug|Any CPU.ActiveCfg = Debug|Any CPU
		{71E2C314-45CC-4229-BA36-D53701A9B972}.Debug|Any CPU.Build.0 = Debug|Any CPU
		{71E2C314-45CC-4229-BA36-D53701A9B972}.Release|Any CPU.ActiveCfg = Release|Any CPU
		{71E2C314-45CC-4229-BA36-D53701A9B972}.Release|Any CPU.Build.0 = Release|Any CPU
		{3F8A5C99-5F6F-48CD-8B13-4C623FD76979}.Debug|Any CPU.ActiveCfg = Debug|Any CPU
		{3F8A5C99-5F6F-48CD-8B13-4C623FD76979}.Debug|Any CPU.Build.0 = Debug|Any CPU
		{3F8A5C99-5F6F-48CD-8B13-4C623FD76979}.Release|Any CPU.ActiveCfg = Release|Any CPU
		{3F8A5C99-5F6F-48CD-8B13-4C623FD76979}.Release|Any CPU.Build.0 = Release|Any CPU
		{2DB1396A-C382-4BA8-93B9-0266B978C716}.Debug|Any CPU.ActiveCfg = Debug|Any CPU
		{2DB1396A-C382-4BA8-93B9-0266B978C716}.Debug|Any CPU.Build.0 = Debug|Any CPU
		{2DB1396A-C382-4BA8-93B9-0266B978C716}.Release|Any CPU.ActiveCfg = Release|Any CPU
		{2DB1396A-C382-4BA8-93B9-0266B978C716}.Release|Any CPU.Build.0 = Release|Any CPU
		{F9D45B26-E85B-4D73-A848-87CAC4AE6B91}.Debug|Any CPU.ActiveCfg = Debug|Any CPU
		{F9D45B26-E85B-4D73-A848-87CAC4AE6B91}.Debug|Any CPU.Build.0 = Debug|Any CPU
		{F9D45B26-E85B-4D73-A848-87CAC4AE6B91}.Release|Any CPU.ActiveCfg = Release|Any CPU
		{F9D45B26-E85B-4D73-A848-87CAC4AE6B91}.Release|Any CPU.Build.0 = Release|Any CPU
	EndGlobalSection
	GlobalSection(SolutionProperties) = preSolution
		HideSolutionNode = FALSE
	EndGlobalSection
	GlobalSection(NestedProjects) = preSolution
		{9A20566A-6E22-4AAF-A4E3-CDBE5D189A80} = {18FC6D21-3059-4F85-806A-18217AC4E844}
		{CB55E4D5-3ACB-41F3-83E1-81480F51E109} = {9A20566A-6E22-4AAF-A4E3-CDBE5D189A80}
		{A5827631-6F58-4136-9EC9-E0D494F1BAB9} = {9A20566A-6E22-4AAF-A4E3-CDBE5D189A80}
		{71E2C314-45CC-4229-BA36-D53701A9B972} = {9A20566A-6E22-4AAF-A4E3-CDBE5D189A80}
		{3F8A5C99-5F6F-48CD-8B13-4C623FD76979} = {D79DAE15-1F93-43F2-846E-B168057C7968}
		{2DB1396A-C382-4BA8-93B9-0266B978C716} = {F39E35EE-E0DD-4E52-B58E-6F2AACAE2CDD}
		{F9D45B26-E85B-4D73-A848-87CAC4AE6B91} = {F45E9E72-4913-4B3D-9C9A-C132F7BE3DFC}
	EndGlobalSection
	GlobalSection(ExtensibilityGlobals) = postSolution
		SolutionGuid = {CC1628FE-1C14-4F5F-9074-308AA558A6A8}
	EndGlobalSection
EndGlobal
