
Microsoft Visual Studio Solution File, Format Version 12.00
# Visual Studio Version 16
VisualStudioVersion = 16.0.31829.152
MinimumVisualStudioVersion = 10.0.40219.1
Project("{2150E333-8FDC-42A3-9474-1A3956D46DE8}") = "Services", "Services", "{18FC6D21-3059-4F85-806A-18217AC4E844}"
EndProject
Project("{2150E333-8FDC-42A3-9474-1A3956D46DE8}") = "Shared", "Shared", "{D79DAE15-1F93-43F2-846E-B168057C7968}"
EndProject
Project("{9A19103F-16F7-4668-BE54-9A1E7A4F7556}") = "SharedLibrary", "Shared\SharedLibrary\SharedLibrary.csproj", "{3F8A5C99-5F6F-48CD-8B13-4C623FD76979}"
EndProject
Project("{2150E333-8FDC-42A3-9474-1A3956D46DE8}") = "IdentityServer", "IdentityServer", "{F45E9E72-4913-4B3D-9C9A-C132F7BE3DFC}"
EndProject
Project("{2150E333-8FDC-42A3-9474-1A3956D46DE8}") = "WebClient", "WebClient", "{F39E35EE-E0DD-4E52-B58E-6F2AACAE2CDD}"
EndProject
Project("{9A19103F-16F7-4668-BE54-9A1E7A4F7556}") = "DYS.WebClient", "Web Client\DYS.WebClient\DYS.WebClient.csproj", "{2DB1396A-C382-4BA8-93B9-0266B978C716}"
EndProject
Project("{9A19103F-16F7-4668-BE54-9A1E7A4F7556}") = "DYS.AuthServer", "IdentityServer\DYS.AuthServer\DYS.AuthServer.csproj", "{F9D45B26-E85B-4D73-A848-87CAC4AE6B91}"
EndProject
Project("{2150E333-8FDC-42A3-9474-1A3956D46DE8}") = "Gateways", "Gateways", "{F66CA822-9302-438E-88FF-565CCAAC20E9}"
EndProject
Project("{9A19103F-16F7-4668-BE54-9A1E7A4F7556}") = "DYS.Gateway", "Gateways\DYS.Gateway\DYS.Gateway.csproj", "{55F5DE79-B3A1-4767-A3F2-72F298810BF3}"
EndProject
Project("{2150E333-8FDC-42A3-9474-1A3956D46DE8}") = "Solution Items", "Solution Items", "{D6D9C30A-5DBC-468C-A95D-446DA95652AC}"
	ProjectSection(SolutionItems) = preProject
		Ports.txt = Ports.txt
	EndProjectSection
EndProject
Project("{2150E333-8FDC-42A3-9474-1A3956D46DE8}") = "LessonService", "LessonService", "{B6DFC7CA-3B05-4A7B-88E4-1FFBFE6728CD}"
EndProject
Project("{9A19103F-16F7-4668-BE54-9A1E7A4F7556}") = "Lesson.DAL", "Services\LessonService\Lesson.DAL\Lesson.DAL.csproj", "{0DC52598-3DA7-4419-B950-FD7542439DC3}"
EndProject
Project("{9A19103F-16F7-4668-BE54-9A1E7A4F7556}") = "Lesson.API", "Services\LessonService\Lesson.API\Lesson.API.csproj", "{A214DD76-C49F-40F1-BD7B-58FBF37D2B61}"
EndProject
Project("{2150E333-8FDC-42A3-9474-1A3956D46DE8}") = "MessageService", "MessageService", "{770C5B9B-7759-4FA1-8D7B-E78B031352C8}"
EndProject
Project("{2150E333-8FDC-42A3-9474-1A3956D46DE8}") = "Core", "Core", "{4FECBD4A-E692-4CDF-8EFD-03E15CB748E2}"
EndProject
Project("{9A19103F-16F7-4668-BE54-9A1E7A4F7556}") = "Services.Message.Domain", "Services\MessageService\Core\Services.Message.Domain\Services.Message.Domain.csproj", "{1088EB40-86C3-4129-B45E-FB18A7849036}"
EndProject
Project("{9A19103F-16F7-4668-BE54-9A1E7A4F7556}") = "Services.Message.Application", "Services\MessageService\Core\Services.Message.Application\Services.Message.Application.csproj", "{32855C86-2C56-41C6-BBDE-B488E8FB34DC}"
EndProject
Project("{2150E333-8FDC-42A3-9474-1A3956D46DE8}") = "Infrastructure", "Infrastructure", "{C79AEC93-FFAD-4DA8-8997-80B4EAFFE546}"
EndProject
Project("{9A19103F-16F7-4668-BE54-9A1E7A4F7556}") = "Services.Message.Infrastructure", "Services\MessageService\Infrastructure\Services.Message.Infrastructure\Services.Message.Infrastructure.csproj", "{3E5F52C6-5571-4946-BA70-513367FBB076}"
EndProject
Project("{2150E333-8FDC-42A3-9474-1A3956D46DE8}") = "Presentation", "Presentation", "{ED6734B1-18C1-421F-9E0F-89C5D0EA2B28}"
EndProject
Project("{9A19103F-16F7-4668-BE54-9A1E7A4F7556}") = "Services.Message.Persistence", "Services\MessageService\Infrastructure\Services.Message.Persistence\Services.Message.Persistence.csproj", "{CE75B8BA-E0BC-4946-9C30-5C1A36389E01}"
EndProject
Project("{9A19103F-16F7-4668-BE54-9A1E7A4F7556}") = "Services.Message.API", "Services\MessageService\Presentation\Services.Message.API\Services.Message.API.csproj", "{B5B56CE5-0332-406F-9A4C-D714FCD94F68}"
EndProject
Project("{2150E333-8FDC-42A3-9474-1A3956D46DE8}") = "NotificationService", "NotificationService", "{38C9C523-94BB-46D8-891B-00F2F67D0FAE}"
EndProject
Project("{2150E333-8FDC-42A3-9474-1A3956D46DE8}") = "Core", "Core", "{11D646AD-21B8-4E48-B98D-7A05C9877B8F}"
EndProject
Project("{2150E333-8FDC-42A3-9474-1A3956D46DE8}") = "Infrastructure", "Infrastructure", "{DAEA661C-CC7B-4878-8416-7B3A575CD79E}"
EndProject
Project("{2150E333-8FDC-42A3-9474-1A3956D46DE8}") = "Presentation", "Presentation", "{00EAA243-DEBB-4E9B-8115-0BB308F0D95A}"
EndProject
Project("{FAE04EC0-301F-11D3-BF4B-00C04F79EFBC}") = "Services.Notification.Application", "Services\NotificationService\Core\Services.Notification.Application\Services.Notification.Application.csproj", "{8B7C0160-EC61-4A0D-978A-19C586F92B55}"
EndProject
Project("{FAE04EC0-301F-11D3-BF4B-00C04F79EFBC}") = "Services.Notification.Domain", "Services\NotificationService\Core\Services.Notification.Domain\Services.Notification.Domain.csproj", "{36604C98-F4C4-4DDB-A285-786EA414CFBC}"
EndProject
Project("{FAE04EC0-301F-11D3-BF4B-00C04F79EFBC}") = "Services.Notification.Persistence", "Services\NotificationService\Persistence\Services.Notification.Persistence\Services.Notification.Persistence.csproj", "{604792C3-CABF-42A3-9638-2DF3AF52A665}"
EndProject
Project("{FAE04EC0-301F-11D3-BF4B-00C04F79EFBC}") = "Services.Notification.API", "Services\NotificationService\Presentation\Services.Notification.API\Services.Notification.API.csproj", "{AB4A990B-C533-42BC-BB01-4C94088AFC10}"
EndProject
Project("{2150E333-8FDC-42A3-9474-1A3956D46DE8}") = "SurveyService", "SurveyService", "{1FE3C37C-394F-4147-BF33-BC04DAE8935A}"
EndProject
Project("{2150E333-8FDC-42A3-9474-1A3956D46DE8}") = "Core", "Core", "{41BD57CB-8BB0-44BF-9867-2900F30CE5AF}"
EndProject
Project("{2150E333-8FDC-42A3-9474-1A3956D46DE8}") = "Infrastructure", "Infrastructure", "{EDB8FF66-8929-4551-82B8-52B8ED4BF664}"
EndProject
Project("{2150E333-8FDC-42A3-9474-1A3956D46DE8}") = "Presentatiton", "Presentatiton", "{EC1908A8-83B7-416F-A8DE-F005580C5480}"
EndProject
Project("{FAE04EC0-301F-11D3-BF4B-00C04F79EFBC}") = "Services.Survey.Domain", "Services\SurveyService\Core\Services.Survey.Domain\Services.Survey.Domain.csproj", "{B5ECFEC4-6FF2-4F49-A096-A0A1E680E301}"
EndProject
Project("{FAE04EC0-301F-11D3-BF4B-00C04F79EFBC}") = "Services.Survey.Application", "Services\SurveyService\Core\Services.Survey.Application\Services.Survey.Application.csproj", "{05C402E9-D392-4CA9-A739-5098D2E44EBE}"
EndProject
Project("{FAE04EC0-301F-11D3-BF4B-00C04F79EFBC}") = "Services.Survey.Persistence", "Services\SurveyService\Infrastructure\Services.Survey.Persistence\Services.Survey.Persistence.csproj", "{63E9A3A5-3A98-48BA-93B7-8F186D2AF957}"
EndProject
Project("{FAE04EC0-301F-11D3-BF4B-00C04F79EFBC}") = "Services.Survey.API", "Services\SurveyService\Presentation\Services.Survey.API\Services.Survey.API.csproj", "{436971C0-CF73-4220-AB6B-EC19C44245A0}"
EndProject
Global
	GlobalSection(SolutionConfigurationPlatforms) = preSolution
		Debug|Any CPU = Debug|Any CPU
		Release|Any CPU = Release|Any CPU
	EndGlobalSection
	GlobalSection(ProjectConfigurationPlatforms) = postSolution
		{3F8A5C99-5F6F-48CD-8B13-4C623FD76979}.Debug|Any CPU.ActiveCfg = Debug|Any CPU
		{3F8A5C99-5F6F-48CD-8B13-4C623FD76979}.Debug|Any CPU.Build.0 = Debug|Any CPU
		{3F8A5C99-5F6F-48CD-8B13-4C623FD76979}.Release|Any CPU.ActiveCfg = Release|Any CPU
		{3F8A5C99-5F6F-48CD-8B13-4C623FD76979}.Release|Any CPU.Build.0 = Release|Any CPU
		{2DB1396A-C382-4BA8-93B9-0266B978C716}.Debug|Any CPU.ActiveCfg = Debug|Any CPU
		{2DB1396A-C382-4BA8-93B9-0266B978C716}.Debug|Any CPU.Build.0 = Debug|Any CPU
		{2DB1396A-C382-4BA8-93B9-0266B978C716}.Release|Any CPU.ActiveCfg = Release|Any CPU
		{2DB1396A-C382-4BA8-93B9-0266B978C716}.Release|Any CPU.Build.0 = Release|Any CPU
		{F9D45B26-E85B-4D73-A848-87CAC4AE6B91}.Debug|Any CPU.ActiveCfg = Debug|Any CPU
		{F9D45B26-E85B-4D73-A848-87CAC4AE6B91}.Debug|Any CPU.Build.0 = Debug|Any CPU
		{F9D45B26-E85B-4D73-A848-87CAC4AE6B91}.Release|Any CPU.ActiveCfg = Release|Any CPU
		{F9D45B26-E85B-4D73-A848-87CAC4AE6B91}.Release|Any CPU.Build.0 = Release|Any CPU
		{55F5DE79-B3A1-4767-A3F2-72F298810BF3}.Debug|Any CPU.ActiveCfg = Debug|Any CPU
		{55F5DE79-B3A1-4767-A3F2-72F298810BF3}.Debug|Any CPU.Build.0 = Debug|Any CPU
		{55F5DE79-B3A1-4767-A3F2-72F298810BF3}.Release|Any CPU.ActiveCfg = Release|Any CPU
		{55F5DE79-B3A1-4767-A3F2-72F298810BF3}.Release|Any CPU.Build.0 = Release|Any CPU
		{0DC52598-3DA7-4419-B950-FD7542439DC3}.Debug|Any CPU.ActiveCfg = Debug|Any CPU
		{0DC52598-3DA7-4419-B950-FD7542439DC3}.Debug|Any CPU.Build.0 = Debug|Any CPU
		{0DC52598-3DA7-4419-B950-FD7542439DC3}.Release|Any CPU.ActiveCfg = Release|Any CPU
		{0DC52598-3DA7-4419-B950-FD7542439DC3}.Release|Any CPU.Build.0 = Release|Any CPU
		{A214DD76-C49F-40F1-BD7B-58FBF37D2B61}.Debug|Any CPU.ActiveCfg = Debug|Any CPU
		{A214DD76-C49F-40F1-BD7B-58FBF37D2B61}.Debug|Any CPU.Build.0 = Debug|Any CPU
		{A214DD76-C49F-40F1-BD7B-58FBF37D2B61}.Release|Any CPU.ActiveCfg = Release|Any CPU
		{A214DD76-C49F-40F1-BD7B-58FBF37D2B61}.Release|Any CPU.Build.0 = Release|Any CPU
		{1088EB40-86C3-4129-B45E-FB18A7849036}.Debug|Any CPU.ActiveCfg = Debug|Any CPU
		{1088EB40-86C3-4129-B45E-FB18A7849036}.Debug|Any CPU.Build.0 = Debug|Any CPU
		{1088EB40-86C3-4129-B45E-FB18A7849036}.Release|Any CPU.ActiveCfg = Release|Any CPU
		{1088EB40-86C3-4129-B45E-FB18A7849036}.Release|Any CPU.Build.0 = Release|Any CPU
		{32855C86-2C56-41C6-BBDE-B488E8FB34DC}.Debug|Any CPU.ActiveCfg = Debug|Any CPU
		{32855C86-2C56-41C6-BBDE-B488E8FB34DC}.Debug|Any CPU.Build.0 = Debug|Any CPU
		{32855C86-2C56-41C6-BBDE-B488E8FB34DC}.Release|Any CPU.ActiveCfg = Release|Any CPU
		{32855C86-2C56-41C6-BBDE-B488E8FB34DC}.Release|Any CPU.Build.0 = Release|Any CPU
		{3E5F52C6-5571-4946-BA70-513367FBB076}.Debug|Any CPU.ActiveCfg = Debug|Any CPU
		{3E5F52C6-5571-4946-BA70-513367FBB076}.Debug|Any CPU.Build.0 = Debug|Any CPU
		{3E5F52C6-5571-4946-BA70-513367FBB076}.Release|Any CPU.ActiveCfg = Release|Any CPU
		{3E5F52C6-5571-4946-BA70-513367FBB076}.Release|Any CPU.Build.0 = Release|Any CPU
		{CE75B8BA-E0BC-4946-9C30-5C1A36389E01}.Debug|Any CPU.ActiveCfg = Debug|Any CPU
		{CE75B8BA-E0BC-4946-9C30-5C1A36389E01}.Debug|Any CPU.Build.0 = Debug|Any CPU
		{CE75B8BA-E0BC-4946-9C30-5C1A36389E01}.Release|Any CPU.ActiveCfg = Release|Any CPU
		{CE75B8BA-E0BC-4946-9C30-5C1A36389E01}.Release|Any CPU.Build.0 = Release|Any CPU
		{B5B56CE5-0332-406F-9A4C-D714FCD94F68}.Debug|Any CPU.ActiveCfg = Debug|Any CPU
		{B5B56CE5-0332-406F-9A4C-D714FCD94F68}.Debug|Any CPU.Build.0 = Debug|Any CPU
		{B5B56CE5-0332-406F-9A4C-D714FCD94F68}.Release|Any CPU.ActiveCfg = Release|Any CPU
		{B5B56CE5-0332-406F-9A4C-D714FCD94F68}.Release|Any CPU.Build.0 = Release|Any CPU
		{8B7C0160-EC61-4A0D-978A-19C586F92B55}.Debug|Any CPU.ActiveCfg = Debug|Any CPU
		{8B7C0160-EC61-4A0D-978A-19C586F92B55}.Debug|Any CPU.Build.0 = Debug|Any CPU
		{8B7C0160-EC61-4A0D-978A-19C586F92B55}.Release|Any CPU.ActiveCfg = Release|Any CPU
		{8B7C0160-EC61-4A0D-978A-19C586F92B55}.Release|Any CPU.Build.0 = Release|Any CPU
		{36604C98-F4C4-4DDB-A285-786EA414CFBC}.Debug|Any CPU.ActiveCfg = Debug|Any CPU
		{36604C98-F4C4-4DDB-A285-786EA414CFBC}.Debug|Any CPU.Build.0 = Debug|Any CPU
		{36604C98-F4C4-4DDB-A285-786EA414CFBC}.Release|Any CPU.ActiveCfg = Release|Any CPU
		{36604C98-F4C4-4DDB-A285-786EA414CFBC}.Release|Any CPU.Build.0 = Release|Any CPU
		{604792C3-CABF-42A3-9638-2DF3AF52A665}.Debug|Any CPU.ActiveCfg = Debug|Any CPU
		{604792C3-CABF-42A3-9638-2DF3AF52A665}.Debug|Any CPU.Build.0 = Debug|Any CPU
		{604792C3-CABF-42A3-9638-2DF3AF52A665}.Release|Any CPU.ActiveCfg = Release|Any CPU
		{604792C3-CABF-42A3-9638-2DF3AF52A665}.Release|Any CPU.Build.0 = Release|Any CPU
		{AB4A990B-C533-42BC-BB01-4C94088AFC10}.Debug|Any CPU.ActiveCfg = Debug|Any CPU
		{AB4A990B-C533-42BC-BB01-4C94088AFC10}.Debug|Any CPU.Build.0 = Debug|Any CPU
		{AB4A990B-C533-42BC-BB01-4C94088AFC10}.Release|Any CPU.ActiveCfg = Release|Any CPU
		{AB4A990B-C533-42BC-BB01-4C94088AFC10}.Release|Any CPU.Build.0 = Release|Any CPU
		{B5ECFEC4-6FF2-4F49-A096-A0A1E680E301}.Debug|Any CPU.ActiveCfg = Debug|Any CPU
		{B5ECFEC4-6FF2-4F49-A096-A0A1E680E301}.Debug|Any CPU.Build.0 = Debug|Any CPU
		{B5ECFEC4-6FF2-4F49-A096-A0A1E680E301}.Release|Any CPU.ActiveCfg = Release|Any CPU
		{B5ECFEC4-6FF2-4F49-A096-A0A1E680E301}.Release|Any CPU.Build.0 = Release|Any CPU
		{05C402E9-D392-4CA9-A739-5098D2E44EBE}.Debug|Any CPU.ActiveCfg = Debug|Any CPU
		{05C402E9-D392-4CA9-A739-5098D2E44EBE}.Debug|Any CPU.Build.0 = Debug|Any CPU
		{05C402E9-D392-4CA9-A739-5098D2E44EBE}.Release|Any CPU.ActiveCfg = Release|Any CPU
		{05C402E9-D392-4CA9-A739-5098D2E44EBE}.Release|Any CPU.Build.0 = Release|Any CPU
		{63E9A3A5-3A98-48BA-93B7-8F186D2AF957}.Debug|Any CPU.ActiveCfg = Debug|Any CPU
		{63E9A3A5-3A98-48BA-93B7-8F186D2AF957}.Debug|Any CPU.Build.0 = Debug|Any CPU
		{63E9A3A5-3A98-48BA-93B7-8F186D2AF957}.Release|Any CPU.ActiveCfg = Release|Any CPU
		{63E9A3A5-3A98-48BA-93B7-8F186D2AF957}.Release|Any CPU.Build.0 = Release|Any CPU
		{436971C0-CF73-4220-AB6B-EC19C44245A0}.Debug|Any CPU.ActiveCfg = Debug|Any CPU
		{436971C0-CF73-4220-AB6B-EC19C44245A0}.Debug|Any CPU.Build.0 = Debug|Any CPU
		{436971C0-CF73-4220-AB6B-EC19C44245A0}.Release|Any CPU.ActiveCfg = Release|Any CPU
		{436971C0-CF73-4220-AB6B-EC19C44245A0}.Release|Any CPU.Build.0 = Release|Any CPU
	EndGlobalSection
	GlobalSection(SolutionProperties) = preSolution
		HideSolutionNode = FALSE
	EndGlobalSection
	GlobalSection(NestedProjects) = preSolution
		{3F8A5C99-5F6F-48CD-8B13-4C623FD76979} = {D79DAE15-1F93-43F2-846E-B168057C7968}
		{2DB1396A-C382-4BA8-93B9-0266B978C716} = {F39E35EE-E0DD-4E52-B58E-6F2AACAE2CDD}
		{F9D45B26-E85B-4D73-A848-87CAC4AE6B91} = {F45E9E72-4913-4B3D-9C9A-C132F7BE3DFC}
		{55F5DE79-B3A1-4767-A3F2-72F298810BF3} = {F66CA822-9302-438E-88FF-565CCAAC20E9}
		{B6DFC7CA-3B05-4A7B-88E4-1FFBFE6728CD} = {18FC6D21-3059-4F85-806A-18217AC4E844}
		{0DC52598-3DA7-4419-B950-FD7542439DC3} = {B6DFC7CA-3B05-4A7B-88E4-1FFBFE6728CD}
		{A214DD76-C49F-40F1-BD7B-58FBF37D2B61} = {B6DFC7CA-3B05-4A7B-88E4-1FFBFE6728CD}
		{770C5B9B-7759-4FA1-8D7B-E78B031352C8} = {18FC6D21-3059-4F85-806A-18217AC4E844}
		{4FECBD4A-E692-4CDF-8EFD-03E15CB748E2} = {770C5B9B-7759-4FA1-8D7B-E78B031352C8}
		{1088EB40-86C3-4129-B45E-FB18A7849036} = {4FECBD4A-E692-4CDF-8EFD-03E15CB748E2}
		{32855C86-2C56-41C6-BBDE-B488E8FB34DC} = {4FECBD4A-E692-4CDF-8EFD-03E15CB748E2}
		{C79AEC93-FFAD-4DA8-8997-80B4EAFFE546} = {770C5B9B-7759-4FA1-8D7B-E78B031352C8}
		{3E5F52C6-5571-4946-BA70-513367FBB076} = {C79AEC93-FFAD-4DA8-8997-80B4EAFFE546}
		{ED6734B1-18C1-421F-9E0F-89C5D0EA2B28} = {770C5B9B-7759-4FA1-8D7B-E78B031352C8}
		{CE75B8BA-E0BC-4946-9C30-5C1A36389E01} = {C79AEC93-FFAD-4DA8-8997-80B4EAFFE546}
		{B5B56CE5-0332-406F-9A4C-D714FCD94F68} = {ED6734B1-18C1-421F-9E0F-89C5D0EA2B28}
		{38C9C523-94BB-46D8-891B-00F2F67D0FAE} = {18FC6D21-3059-4F85-806A-18217AC4E844}
		{11D646AD-21B8-4E48-B98D-7A05C9877B8F} = {38C9C523-94BB-46D8-891B-00F2F67D0FAE}
		{DAEA661C-CC7B-4878-8416-7B3A575CD79E} = {38C9C523-94BB-46D8-891B-00F2F67D0FAE}
		{00EAA243-DEBB-4E9B-8115-0BB308F0D95A} = {38C9C523-94BB-46D8-891B-00F2F67D0FAE}
		{8B7C0160-EC61-4A0D-978A-19C586F92B55} = {11D646AD-21B8-4E48-B98D-7A05C9877B8F}
		{36604C98-F4C4-4DDB-A285-786EA414CFBC} = {11D646AD-21B8-4E48-B98D-7A05C9877B8F}
		{604792C3-CABF-42A3-9638-2DF3AF52A665} = {DAEA661C-CC7B-4878-8416-7B3A575CD79E}
		{AB4A990B-C533-42BC-BB01-4C94088AFC10} = {00EAA243-DEBB-4E9B-8115-0BB308F0D95A}
		{1FE3C37C-394F-4147-BF33-BC04DAE8935A} = {18FC6D21-3059-4F85-806A-18217AC4E844}
		{41BD57CB-8BB0-44BF-9867-2900F30CE5AF} = {1FE3C37C-394F-4147-BF33-BC04DAE8935A}
		{EDB8FF66-8929-4551-82B8-52B8ED4BF664} = {1FE3C37C-394F-4147-BF33-BC04DAE8935A}
		{EC1908A8-83B7-416F-A8DE-F005580C5480} = {1FE3C37C-394F-4147-BF33-BC04DAE8935A}
		{B5ECFEC4-6FF2-4F49-A096-A0A1E680E301} = {41BD57CB-8BB0-44BF-9867-2900F30CE5AF}
		{05C402E9-D392-4CA9-A739-5098D2E44EBE} = {41BD57CB-8BB0-44BF-9867-2900F30CE5AF}
		{63E9A3A5-3A98-48BA-93B7-8F186D2AF957} = {EDB8FF66-8929-4551-82B8-52B8ED4BF664}
		{436971C0-CF73-4220-AB6B-EC19C44245A0} = {EC1908A8-83B7-416F-A8DE-F005580C5480}
	EndGlobalSection
	GlobalSection(ExtensibilityGlobals) = postSolution
		SolutionGuid = {CC1628FE-1C14-4F5F-9074-308AA558A6A8}
	EndGlobalSection
EndGlobal
