
Microsoft Visual Studio Solution File, Format Version 12.00
# Visual Studio Version 16
VisualStudioVersion = 16.0.32228.343
MinimumVisualStudioVersion = 10.0.40219.1
Project("{2150E333-8FDC-42A3-9474-1A3956D46DE8}") = "Services", "Services", "{18FC6D21-3059-4F85-806A-18217AC4E844}"
EndProject
Project("{2150E333-8FDC-42A3-9474-1A3956D46DE8}") = "Shared", "Shared", "{D79DAE15-1F93-43F2-846E-B168057C7968}"
EndProject
Project("{9A19103F-16F7-4668-BE54-9A1E7A4F7556}") = "SharedLibrary", "Shared\SharedLibrary\SharedLibrary.csproj", "{3F8A5C99-5F6F-48CD-8B13-4C623FD76979}"
EndProject
Project("{2150E333-8FDC-42A3-9474-1A3956D46DE8}") = "IdentityServer", "IdentityServer", "{F45E9E72-4913-4B3D-9C9A-C132F7BE3DFC}"
EndProject
Project("{2150E333-8FDC-42A3-9474-1A3956D46DE8}") = "WebClient", "WebClient", "{F39E35EE-E0DD-4E52-B58E-6F2AACAE2CDD}"
EndProject
Project("{9A19103F-16F7-4668-BE54-9A1E7A4F7556}") = "DYS.WebClient", "Web Client\DYS.WebClient\DYS.WebClient.csproj", "{2DB1396A-C382-4BA8-93B9-0266B978C716}"
EndProject
Project("{9A19103F-16F7-4668-BE54-9A1E7A4F7556}") = "DYS.AuthServer", "IdentityServer\DYS.AuthServer\DYS.AuthServer.csproj", "{F9D45B26-E85B-4D73-A848-87CAC4AE6B91}"
EndProject
Project("{2150E333-8FDC-42A3-9474-1A3956D46DE8}") = "Gateways", "Gateways", "{F66CA822-9302-438E-88FF-565CCAAC20E9}"
EndProject
Project("{9A19103F-16F7-4668-BE54-9A1E7A4F7556}") = "DYS.Gateway", "Gateways\DYS.Gateway\DYS.Gateway.csproj", "{55F5DE79-B3A1-4767-A3F2-72F298810BF3}"
EndProject
Project("{2150E333-8FDC-42A3-9474-1A3956D46DE8}") = "Solution Items", "Solution Items", "{D6D9C30A-5DBC-468C-A95D-446DA95652AC}"
	ProjectSection(SolutionItems) = preProject
		Ports.txt = Ports.txt
	EndProjectSection
EndProject
Project("{2150E333-8FDC-42A3-9474-1A3956D46DE8}") = "Message", "Message", "{770C5B9B-7759-4FA1-8D7B-E78B031352C8}"
EndProject
Project("{2150E333-8FDC-42A3-9474-1A3956D46DE8}") = "Core", "Core", "{4FECBD4A-E692-4CDF-8EFD-03E15CB748E2}"
EndProject
Project("{9A19103F-16F7-4668-BE54-9A1E7A4F7556}") = "Services.Message.Domain", "Services\MessageService\Core\Services.Message.Domain\Services.Message.Domain.csproj", "{1088EB40-86C3-4129-B45E-FB18A7849036}"
EndProject
Project("{9A19103F-16F7-4668-BE54-9A1E7A4F7556}") = "Services.Message.Application", "Services\MessageService\Core\Services.Message.Application\Services.Message.Application.csproj", "{32855C86-2C56-41C6-BBDE-B488E8FB34DC}"
EndProject
Project("{2150E333-8FDC-42A3-9474-1A3956D46DE8}") = "Infrastructure", "Infrastructure", "{C79AEC93-FFAD-4DA8-8997-80B4EAFFE546}"
EndProject
Project("{9A19103F-16F7-4668-BE54-9A1E7A4F7556}") = "Services.Message.Infrastructure", "Services\MessageService\Infrastructure\Services.Message.Infrastructure\Services.Message.Infrastructure.csproj", "{3E5F52C6-5571-4946-BA70-513367FBB076}"
EndProject
Project("{2150E333-8FDC-42A3-9474-1A3956D46DE8}") = "Presentation", "Presentation", "{ED6734B1-18C1-421F-9E0F-89C5D0EA2B28}"
EndProject
Project("{9A19103F-16F7-4668-BE54-9A1E7A4F7556}") = "Services.Message.Persistence", "Services\MessageService\Infrastructure\Services.Message.Persistence\Services.Message.Persistence.csproj", "{CE75B8BA-E0BC-4946-9C30-5C1A36389E01}"
EndProject
Project("{9A19103F-16F7-4668-BE54-9A1E7A4F7556}") = "Services.Message.API", "Services\MessageService\Presentation\Services.Message.API\Services.Message.API.csproj", "{B5B56CE5-0332-406F-9A4C-D714FCD94F68}"
EndProject
Project("{2150E333-8FDC-42A3-9474-1A3956D46DE8}") = "Notification", "Notification", "{38C9C523-94BB-46D8-891B-00F2F67D0FAE}"
EndProject
Project("{2150E333-8FDC-42A3-9474-1A3956D46DE8}") = "Core", "Core", "{11D646AD-21B8-4E48-B98D-7A05C9877B8F}"
EndProject
Project("{2150E333-8FDC-42A3-9474-1A3956D46DE8}") = "Infrastructure", "Infrastructure", "{DAEA661C-CC7B-4878-8416-7B3A575CD79E}"
EndProject
Project("{2150E333-8FDC-42A3-9474-1A3956D46DE8}") = "Presentation", "Presentation", "{00EAA243-DEBB-4E9B-8115-0BB308F0D95A}"
EndProject
Project("{9A19103F-16F7-4668-BE54-9A1E7A4F7556}") = "Services.Notification.Application", "Services\NotificationService\Core\Services.Notification.Application\Services.Notification.Application.csproj", "{8B7C0160-EC61-4A0D-978A-19C586F92B55}"
EndProject
Project("{9A19103F-16F7-4668-BE54-9A1E7A4F7556}") = "Services.Notification.Domain", "Services\NotificationService\Core\Services.Notification.Domain\Services.Notification.Domain.csproj", "{36604C98-F4C4-4DDB-A285-786EA414CFBC}"
EndProject
Project("{9A19103F-16F7-4668-BE54-9A1E7A4F7556}") = "Services.Notification.Persistence", "Services\NotificationService\Persistence\Services.Notification.Persistence\Services.Notification.Persistence.csproj", "{604792C3-CABF-42A3-9638-2DF3AF52A665}"
EndProject
Project("{9A19103F-16F7-4668-BE54-9A1E7A4F7556}") = "Services.Notification.API", "Services\NotificationService\Presentation\Services.Notification.API\Services.Notification.API.csproj", "{AB4A990B-C533-42BC-BB01-4C94088AFC10}"
EndProject
Project("{2150E333-8FDC-42A3-9474-1A3956D46DE8}") = "Survey", "Survey", "{1FE3C37C-394F-4147-BF33-BC04DAE8935A}"
EndProject
Project("{2150E333-8FDC-42A3-9474-1A3956D46DE8}") = "Core", "Core", "{41BD57CB-8BB0-44BF-9867-2900F30CE5AF}"
EndProject
Project("{2150E333-8FDC-42A3-9474-1A3956D46DE8}") = "Infrastructure", "Infrastructure", "{EDB8FF66-8929-4551-82B8-52B8ED4BF664}"
EndProject
Project("{2150E333-8FDC-42A3-9474-1A3956D46DE8}") = "Presentatiton", "Presentatiton", "{EC1908A8-83B7-416F-A8DE-F005580C5480}"
EndProject
Project("{9A19103F-16F7-4668-BE54-9A1E7A4F7556}") = "Services.Survey.Domain", "Services\SurveyService\Core\Services.Survey.Domain\Services.Survey.Domain.csproj", "{B5ECFEC4-6FF2-4F49-A096-A0A1E680E301}"
EndProject
Project("{9A19103F-16F7-4668-BE54-9A1E7A4F7556}") = "Services.Survey.Application", "Services\SurveyService\Core\Services.Survey.Application\Services.Survey.Application.csproj", "{05C402E9-D392-4CA9-A739-5098D2E44EBE}"
EndProject
Project("{9A19103F-16F7-4668-BE54-9A1E7A4F7556}") = "Services.Survey.Persistence", "Services\SurveyService\Infrastructure\Services.Survey.Persistence\Services.Survey.Persistence.csproj", "{63E9A3A5-3A98-48BA-93B7-8F186D2AF957}"
EndProject
Project("{9A19103F-16F7-4668-BE54-9A1E7A4F7556}") = "Services.Survey.API", "Services\SurveyService\Presentation\Services.Survey.API\Services.Survey.API.csproj", "{436971C0-CF73-4220-AB6B-EC19C44245A0}"
EndProject
Project("{2150E333-8FDC-42A3-9474-1A3956D46DE8}") = "Lesson", "Lesson", "{05EBD4FB-B614-4219-9798-DDD81139DFC9}"
EndProject
Project("{2150E333-8FDC-42A3-9474-1A3956D46DE8}") = "Core", "Core", "{05FD27CE-5D29-4FE8-98BA-CED9C22F84EE}"
EndProject
Project("{2150E333-8FDC-42A3-9474-1A3956D46DE8}") = "Presentation", "Presentation", "{883576C6-7D4E-407B-BFB0-E8AF5FEDAEE0}"
EndProject
Project("{2150E333-8FDC-42A3-9474-1A3956D46DE8}") = "Infrastructure", "Infrastructure", "{F7D05F9F-D24D-4682-8838-537432A0F5EA}"
EndProject
Project("{9A19103F-16F7-4668-BE54-9A1E7A4F7556}") = "Services.Lesson.Domain", "Services\Lesson\Core\Services.Lesson.Domain\Services.Lesson.Domain.csproj", "{02DFC270-A094-4A89-AD76-AC8F8CC47AB4}"
EndProject
Project("{9A19103F-16F7-4668-BE54-9A1E7A4F7556}") = "Services.Lesson.Infrastructure", "Services\Lesson\Infrastructure\Services.Lesson.Infrastructure\Services.Lesson.Infrastructure.csproj", "{F1B1421D-ECBD-407B-998B-29972049D10C}"
EndProject
Project("{9A19103F-16F7-4668-BE54-9A1E7A4F7556}") = "Services.Lesson.API", "Services\Lesson\Presentation\Services.Lesson.API\Services.Lesson.API.csproj", "{3C4EDEB0-FB03-44DD-8319-5400D0D0C01E}"
EndProject
Project("{9A19103F-16F7-4668-BE54-9A1E7A4F7556}") = "Services.Lesson.Application", "Services\Lesson\Core\Services.Lesson.Application\Services.Lesson.Application.csproj", "{F16B24AE-9C50-4429-B4CB-129F97897B7A}"
EndProject
Project("{2150E333-8FDC-42A3-9474-1A3956D46DE8}") = "FileSystem", "FileSystem", "{274FAD15-72FA-4B16-B928-9C57440D5CFB}"
EndProject
Project("{2150E333-8FDC-42A3-9474-1A3956D46DE8}") = "Presentation", "Presentation", "{331FFA54-354D-42D3-88C6-2A0430B3225A}"
EndProject
Project("{2150E333-8FDC-42A3-9474-1A3956D46DE8}") = "Domain", "Domain", "{86EE77D1-6807-4D4B-8084-4180AD7494C9}"
EndProject
Project("{2150E333-8FDC-42A3-9474-1A3956D46DE8}") = "Application", "Application", "{43923C69-6626-414C-B01B-D9F8C1283E4F}"
EndProject
Project("{2150E333-8FDC-42A3-9474-1A3956D46DE8}") = "Infrastructure", "Infrastructure", "{4F952045-146F-4453-B501-7E814BEC3AF1}"
EndProject
Project("{9A19103F-16F7-4668-BE54-9A1E7A4F7556}") = "Services.FileSystem.Domain", "Services\FileSystem\Domain\Services.FileSystem.Domain\Services.FileSystem.Domain.csproj", "{DF9D8A36-2F5F-41A4-9CDF-B8A8BDF74FB1}"
EndProject
Project("{9A19103F-16F7-4668-BE54-9A1E7A4F7556}") = "Services.FileSystem.Infrastructure", "Services\FileSystem\Infrastructure\Services.FileSystem.Infrastructure\Services.FileSystem.Infrastructure.csproj", "{CAB0E651-156D-4432-B993-025E77DD65FF}"
EndProject
Project("{9A19103F-16F7-4668-BE54-9A1E7A4F7556}") = "Services.FileSystem.Application", "Services\FileSystem\Application\Services.FileSystem.Application\Services.FileSystem.Application.csproj", "{5C3528A5-B0F8-495E-99F2-4CD2CA692D4A}"
EndProject
Project("{9A19103F-16F7-4668-BE54-9A1E7A4F7556}") = "Services.FileSystem.API", "Services\FileSystem\Presentation\Services.FileSystem.API\Services.FileSystem.API.csproj", "{7A303011-825B-40DF-8A60-BA047451FE1F}"
EndProject
Project("{2150E333-8FDC-42A3-9474-1A3956D46DE8}") = "Attendance", "Attendance", "{25E7DD41-EA1A-41F3-A63F-7BE019362797}"
EndProject
Project("{2150E333-8FDC-42A3-9474-1A3956D46DE8}") = "Core", "Core", "{EB3D3697-E5E0-400C-A4A9-3EA351F6FB5B}"
EndProject
Project("{2150E333-8FDC-42A3-9474-1A3956D46DE8}") = "Infrastructure", "Infrastructure", "{2546420F-D2C4-400F-B6BF-B52E348B593D}"
EndProject
Project("{2150E333-8FDC-42A3-9474-1A3956D46DE8}") = "Presentation", "Presentation", "{55F2AEC9-496B-4A56-81A1-C23A3EE5D306}"
EndProject
Project("{9A19103F-16F7-4668-BE54-9A1E7A4F7556}") = "Services.Attendance.Domain", "Services\Attendance\Core\Services.Attendance.Domain\Services.Attendance.Domain.csproj", "{AC0187A1-D770-4756-AC2F-9E9BED3B8C8E}"
EndProject
Project("{9A19103F-16F7-4668-BE54-9A1E7A4F7556}") = "Services.Attendance.Infrastructure", "Services\Attendance\Infrastructure\Services.Attendance.Infrastructure\Services.Attendance.Infrastructure.csproj", "{AAB776AB-EA1C-44A5-AE40-A5736555F210}"
EndProject
Project("{9A19103F-16F7-4668-BE54-9A1E7A4F7556}") = "Services.Attendance.API", "Services\Attendance\Presentation\Services.Attendance.API\Services.Attendance.API.csproj", "{CE2CFAC6-8584-4960-AA33-F8F4DC489DB8}"
EndProject
Project("{9A19103F-16F7-4668-BE54-9A1E7A4F7556}") = "Services.Attendance.Application", "Services\Attendance\Core\Services.Attendance.Application\Services.Attendance.Application.csproj", "{FBA55F44-20E0-4C74-BAFD-AF9809C96498}"
EndProject
Project("{2150E333-8FDC-42A3-9474-1A3956D46DE8}") = "RabbitMqConsumer", "RabbitMqConsumer", "{D21C934B-AA79-4382-8B4F-212EDED57205}"
EndProject
Project("{9A19103F-16F7-4668-BE54-9A1E7A4F7556}") = "Services.RabbitMQ.Consumer", "Services\RabbitMqConsumer\Services.RabbitMQ.Consumer\Services.RabbitMQ.Consumer.csproj", "{1E370AA1-804F-4C92-B653-AB2FD66FCBB0}"
EndProject
Project("{2150E333-8FDC-42A3-9474-1A3956D46DE8}") = "Homework", "Homework", "{C49B3848-AD32-41CA-8208-64C1BE6E33A5}"
EndProject
Project("{2150E333-8FDC-42A3-9474-1A3956D46DE8}") = "Core", "Core", "{D7109594-5C98-4585-8413-FD476DA30DE2}"
EndProject
Project("{2150E333-8FDC-42A3-9474-1A3956D46DE8}") = "Infrastructure", "Infrastructure", "{914D4CD5-057A-4F82-960C-7AB2B95EE994}"
EndProject
Project("{2150E333-8FDC-42A3-9474-1A3956D46DE8}") = "Presentation", "Presentation", "{F5AE56BB-0F5A-459E-9976-D2BC1D15BB10}"
EndProject
Project("{9A19103F-16F7-4668-BE54-9A1E7A4F7556}") = "Services.Homework.Domain", "Services\Homework\Core\Services.Homework.Domain\Services.Homework.Domain.csproj", "{02B9854F-88C4-4F1E-8D96-D27FF01FDB2D}"
EndProject
Project("{9A19103F-16F7-4668-BE54-9A1E7A4F7556}") = "Services.Homework.Application", "Services\Homework\Core\Services.Homework.Application\Services.Homework.Application.csproj", "{41223D8D-DFCF-45EA-8407-93E1A2BEA143}"
EndProject
Project("{9A19103F-16F7-4668-BE54-9A1E7A4F7556}") = "Services.Homework.Infrastructure", "Services\Homework\Infrastructure\Services.Homework.Infrastructure\Services.Homework.Infrastructure.csproj", "{7FEF7AB8-4CD6-4401-93FC-9C325D6DD4F6}"
EndProject
Project("{9A19103F-16F7-4668-BE54-9A1E7A4F7556}") = "Services.Homework.API", "Services\Homework\Presentation\WebApplication1\Services.Homework.API.csproj", "{1FB63AAA-3D7A-415C-8146-CF8D1AA1C356}"
EndProject
Project("{2150E333-8FDC-42A3-9474-1A3956D46DE8}") = "Quiz", "Quiz", "{835BFBDA-6695-4AA5-BE2C-51783FA7FC60}"
EndProject
Project("{2150E333-8FDC-42A3-9474-1A3956D46DE8}") = "Core", "Core", "{B7E4CC61-734E-498B-AC5F-B26215B88623}"
EndProject
Project("{2150E333-8FDC-42A3-9474-1A3956D46DE8}") = "Infrastructure", "Infrastructure", "{D19E7986-6D3C-4A98-8784-7A108FDEE570}"
EndProject
Project("{2150E333-8FDC-42A3-9474-1A3956D46DE8}") = "Presentation", "Presentation", "{08FEEB08-745D-4B32-8800-094FAE21406F}"
EndProject
Project("{FAE04EC0-301F-11D3-BF4B-00C04F79EFBC}") = "Services.Quiz.Domain", "Services\Quiz\Core\Services.Quiz.Domain\Services.Quiz.Domain.csproj", "{0C7FB1E7-00D1-49C6-9E07-F27469E20C27}"
EndProject
Project("{FAE04EC0-301F-11D3-BF4B-00C04F79EFBC}") = "Services.Quiz.Application", "Services\Quiz\Core\Services.Quiz.Application\Services.Quiz.Application.csproj", "{D56C4196-49FE-49CC-80A5-8848F2ADF77D}"
EndProject
Global
	GlobalSection(SolutionConfigurationPlatforms) = preSolution
		Debug|Any CPU = Debug|Any CPU
		Release|Any CPU = Release|Any CPU
	EndGlobalSection
	GlobalSection(ProjectConfigurationPlatforms) = postSolution
		{3F8A5C99-5F6F-48CD-8B13-4C623FD76979}.Debug|Any CPU.ActiveCfg = Debug|Any CPU
		{3F8A5C99-5F6F-48CD-8B13-4C623FD76979}.Debug|Any CPU.Build.0 = Debug|Any CPU
		{3F8A5C99-5F6F-48CD-8B13-4C623FD76979}.Release|Any CPU.ActiveCfg = Release|Any CPU
		{3F8A5C99-5F6F-48CD-8B13-4C623FD76979}.Release|Any CPU.Build.0 = Release|Any CPU
		{2DB1396A-C382-4BA8-93B9-0266B978C716}.Debug|Any CPU.ActiveCfg = Debug|Any CPU
		{2DB1396A-C382-4BA8-93B9-0266B978C716}.Debug|Any CPU.Build.0 = Debug|Any CPU
		{2DB1396A-C382-4BA8-93B9-0266B978C716}.Release|Any CPU.ActiveCfg = Release|Any CPU
		{2DB1396A-C382-4BA8-93B9-0266B978C716}.Release|Any CPU.Build.0 = Release|Any CPU
		{F9D45B26-E85B-4D73-A848-87CAC4AE6B91}.Debug|Any CPU.ActiveCfg = Debug|Any CPU
		{F9D45B26-E85B-4D73-A848-87CAC4AE6B91}.Debug|Any CPU.Build.0 = Debug|Any CPU
		{F9D45B26-E85B-4D73-A848-87CAC4AE6B91}.Release|Any CPU.ActiveCfg = Release|Any CPU
		{F9D45B26-E85B-4D73-A848-87CAC4AE6B91}.Release|Any CPU.Build.0 = Release|Any CPU
		{55F5DE79-B3A1-4767-A3F2-72F298810BF3}.Debug|Any CPU.ActiveCfg = Debug|Any CPU
		{55F5DE79-B3A1-4767-A3F2-72F298810BF3}.Debug|Any CPU.Build.0 = Debug|Any CPU
		{55F5DE79-B3A1-4767-A3F2-72F298810BF3}.Release|Any CPU.ActiveCfg = Release|Any CPU
		{55F5DE79-B3A1-4767-A3F2-72F298810BF3}.Release|Any CPU.Build.0 = Release|Any CPU
		{1088EB40-86C3-4129-B45E-FB18A7849036}.Debug|Any CPU.ActiveCfg = Debug|Any CPU
		{1088EB40-86C3-4129-B45E-FB18A7849036}.Debug|Any CPU.Build.0 = Debug|Any CPU
		{1088EB40-86C3-4129-B45E-FB18A7849036}.Release|Any CPU.ActiveCfg = Release|Any CPU
		{1088EB40-86C3-4129-B45E-FB18A7849036}.Release|Any CPU.Build.0 = Release|Any CPU
		{32855C86-2C56-41C6-BBDE-B488E8FB34DC}.Debug|Any CPU.ActiveCfg = Debug|Any CPU
		{32855C86-2C56-41C6-BBDE-B488E8FB34DC}.Debug|Any CPU.Build.0 = Debug|Any CPU
		{32855C86-2C56-41C6-BBDE-B488E8FB34DC}.Release|Any CPU.ActiveCfg = Release|Any CPU
		{32855C86-2C56-41C6-BBDE-B488E8FB34DC}.Release|Any CPU.Build.0 = Release|Any CPU
		{3E5F52C6-5571-4946-BA70-513367FBB076}.Debug|Any CPU.ActiveCfg = Debug|Any CPU
		{3E5F52C6-5571-4946-BA70-513367FBB076}.Debug|Any CPU.Build.0 = Debug|Any CPU
		{3E5F52C6-5571-4946-BA70-513367FBB076}.Release|Any CPU.ActiveCfg = Release|Any CPU
		{3E5F52C6-5571-4946-BA70-513367FBB076}.Release|Any CPU.Build.0 = Release|Any CPU
		{CE75B8BA-E0BC-4946-9C30-5C1A36389E01}.Debug|Any CPU.ActiveCfg = Debug|Any CPU
		{CE75B8BA-E0BC-4946-9C30-5C1A36389E01}.Debug|Any CPU.Build.0 = Debug|Any CPU
		{CE75B8BA-E0BC-4946-9C30-5C1A36389E01}.Release|Any CPU.ActiveCfg = Release|Any CPU
		{CE75B8BA-E0BC-4946-9C30-5C1A36389E01}.Release|Any CPU.Build.0 = Release|Any CPU
		{B5B56CE5-0332-406F-9A4C-D714FCD94F68}.Debug|Any CPU.ActiveCfg = Debug|Any CPU
		{B5B56CE5-0332-406F-9A4C-D714FCD94F68}.Debug|Any CPU.Build.0 = Debug|Any CPU
		{B5B56CE5-0332-406F-9A4C-D714FCD94F68}.Release|Any CPU.ActiveCfg = Release|Any CPU
		{B5B56CE5-0332-406F-9A4C-D714FCD94F68}.Release|Any CPU.Build.0 = Release|Any CPU
		{8B7C0160-EC61-4A0D-978A-19C586F92B55}.Debug|Any CPU.ActiveCfg = Debug|Any CPU
		{8B7C0160-EC61-4A0D-978A-19C586F92B55}.Debug|Any CPU.Build.0 = Debug|Any CPU
		{8B7C0160-EC61-4A0D-978A-19C586F92B55}.Release|Any CPU.ActiveCfg = Release|Any CPU
		{8B7C0160-EC61-4A0D-978A-19C586F92B55}.Release|Any CPU.Build.0 = Release|Any CPU
		{36604C98-F4C4-4DDB-A285-786EA414CFBC}.Debug|Any CPU.ActiveCfg = Debug|Any CPU
		{36604C98-F4C4-4DDB-A285-786EA414CFBC}.Debug|Any CPU.Build.0 = Debug|Any CPU
		{36604C98-F4C4-4DDB-A285-786EA414CFBC}.Release|Any CPU.ActiveCfg = Release|Any CPU
		{36604C98-F4C4-4DDB-A285-786EA414CFBC}.Release|Any CPU.Build.0 = Release|Any CPU
		{604792C3-CABF-42A3-9638-2DF3AF52A665}.Debug|Any CPU.ActiveCfg = Debug|Any CPU
		{604792C3-CABF-42A3-9638-2DF3AF52A665}.Debug|Any CPU.Build.0 = Debug|Any CPU
		{604792C3-CABF-42A3-9638-2DF3AF52A665}.Release|Any CPU.ActiveCfg = Release|Any CPU
		{604792C3-CABF-42A3-9638-2DF3AF52A665}.Release|Any CPU.Build.0 = Release|Any CPU
		{AB4A990B-C533-42BC-BB01-4C94088AFC10}.Debug|Any CPU.ActiveCfg = Debug|Any CPU
		{AB4A990B-C533-42BC-BB01-4C94088AFC10}.Debug|Any CPU.Build.0 = Debug|Any CPU
		{AB4A990B-C533-42BC-BB01-4C94088AFC10}.Release|Any CPU.ActiveCfg = Release|Any CPU
		{AB4A990B-C533-42BC-BB01-4C94088AFC10}.Release|Any CPU.Build.0 = Release|Any CPU
		{B5ECFEC4-6FF2-4F49-A096-A0A1E680E301}.Debug|Any CPU.ActiveCfg = Debug|Any CPU
		{B5ECFEC4-6FF2-4F49-A096-A0A1E680E301}.Debug|Any CPU.Build.0 = Debug|Any CPU
		{B5ECFEC4-6FF2-4F49-A096-A0A1E680E301}.Release|Any CPU.ActiveCfg = Release|Any CPU
		{B5ECFEC4-6FF2-4F49-A096-A0A1E680E301}.Release|Any CPU.Build.0 = Release|Any CPU
		{05C402E9-D392-4CA9-A739-5098D2E44EBE}.Debug|Any CPU.ActiveCfg = Debug|Any CPU
		{05C402E9-D392-4CA9-A739-5098D2E44EBE}.Debug|Any CPU.Build.0 = Debug|Any CPU
		{05C402E9-D392-4CA9-A739-5098D2E44EBE}.Release|Any CPU.ActiveCfg = Release|Any CPU
		{05C402E9-D392-4CA9-A739-5098D2E44EBE}.Release|Any CPU.Build.0 = Release|Any CPU
		{63E9A3A5-3A98-48BA-93B7-8F186D2AF957}.Debug|Any CPU.ActiveCfg = Debug|Any CPU
		{63E9A3A5-3A98-48BA-93B7-8F186D2AF957}.Debug|Any CPU.Build.0 = Debug|Any CPU
		{63E9A3A5-3A98-48BA-93B7-8F186D2AF957}.Release|Any CPU.ActiveCfg = Release|Any CPU
		{63E9A3A5-3A98-48BA-93B7-8F186D2AF957}.Release|Any CPU.Build.0 = Release|Any CPU
		{436971C0-CF73-4220-AB6B-EC19C44245A0}.Debug|Any CPU.ActiveCfg = Debug|Any CPU
		{436971C0-CF73-4220-AB6B-EC19C44245A0}.Debug|Any CPU.Build.0 = Debug|Any CPU
		{436971C0-CF73-4220-AB6B-EC19C44245A0}.Release|Any CPU.ActiveCfg = Release|Any CPU
		{436971C0-CF73-4220-AB6B-EC19C44245A0}.Release|Any CPU.Build.0 = Release|Any CPU
		{02DFC270-A094-4A89-AD76-AC8F8CC47AB4}.Debug|Any CPU.ActiveCfg = Debug|Any CPU
		{02DFC270-A094-4A89-AD76-AC8F8CC47AB4}.Debug|Any CPU.Build.0 = Debug|Any CPU
		{02DFC270-A094-4A89-AD76-AC8F8CC47AB4}.Release|Any CPU.ActiveCfg = Release|Any CPU
		{02DFC270-A094-4A89-AD76-AC8F8CC47AB4}.Release|Any CPU.Build.0 = Release|Any CPU
		{F1B1421D-ECBD-407B-998B-29972049D10C}.Debug|Any CPU.ActiveCfg = Debug|Any CPU
		{F1B1421D-ECBD-407B-998B-29972049D10C}.Debug|Any CPU.Build.0 = Debug|Any CPU
		{F1B1421D-ECBD-407B-998B-29972049D10C}.Release|Any CPU.ActiveCfg = Release|Any CPU
		{F1B1421D-ECBD-407B-998B-29972049D10C}.Release|Any CPU.Build.0 = Release|Any CPU
		{3C4EDEB0-FB03-44DD-8319-5400D0D0C01E}.Debug|Any CPU.ActiveCfg = Debug|Any CPU
		{3C4EDEB0-FB03-44DD-8319-5400D0D0C01E}.Debug|Any CPU.Build.0 = Debug|Any CPU
		{3C4EDEB0-FB03-44DD-8319-5400D0D0C01E}.Release|Any CPU.ActiveCfg = Release|Any CPU
		{3C4EDEB0-FB03-44DD-8319-5400D0D0C01E}.Release|Any CPU.Build.0 = Release|Any CPU
		{F16B24AE-9C50-4429-B4CB-129F97897B7A}.Debug|Any CPU.ActiveCfg = Debug|Any CPU
		{F16B24AE-9C50-4429-B4CB-129F97897B7A}.Debug|Any CPU.Build.0 = Debug|Any CPU
		{F16B24AE-9C50-4429-B4CB-129F97897B7A}.Release|Any CPU.ActiveCfg = Release|Any CPU
		{F16B24AE-9C50-4429-B4CB-129F97897B7A}.Release|Any CPU.Build.0 = Release|Any CPU
		{DF9D8A36-2F5F-41A4-9CDF-B8A8BDF74FB1}.Debug|Any CPU.ActiveCfg = Debug|Any CPU
		{DF9D8A36-2F5F-41A4-9CDF-B8A8BDF74FB1}.Debug|Any CPU.Build.0 = Debug|Any CPU
		{DF9D8A36-2F5F-41A4-9CDF-B8A8BDF74FB1}.Release|Any CPU.ActiveCfg = Release|Any CPU
		{DF9D8A36-2F5F-41A4-9CDF-B8A8BDF74FB1}.Release|Any CPU.Build.0 = Release|Any CPU
		{CAB0E651-156D-4432-B993-025E77DD65FF}.Debug|Any CPU.ActiveCfg = Debug|Any CPU
		{CAB0E651-156D-4432-B993-025E77DD65FF}.Debug|Any CPU.Build.0 = Debug|Any CPU
		{CAB0E651-156D-4432-B993-025E77DD65FF}.Release|Any CPU.ActiveCfg = Release|Any CPU
		{CAB0E651-156D-4432-B993-025E77DD65FF}.Release|Any CPU.Build.0 = Release|Any CPU
		{5C3528A5-B0F8-495E-99F2-4CD2CA692D4A}.Debug|Any CPU.ActiveCfg = Debug|Any CPU
		{5C3528A5-B0F8-495E-99F2-4CD2CA692D4A}.Debug|Any CPU.Build.0 = Debug|Any CPU
		{5C3528A5-B0F8-495E-99F2-4CD2CA692D4A}.Release|Any CPU.ActiveCfg = Release|Any CPU
		{5C3528A5-B0F8-495E-99F2-4CD2CA692D4A}.Release|Any CPU.Build.0 = Release|Any CPU
		{7A303011-825B-40DF-8A60-BA047451FE1F}.Debug|Any CPU.ActiveCfg = Debug|Any CPU
		{7A303011-825B-40DF-8A60-BA047451FE1F}.Debug|Any CPU.Build.0 = Debug|Any CPU
		{7A303011-825B-40DF-8A60-BA047451FE1F}.Release|Any CPU.ActiveCfg = Release|Any CPU
		{7A303011-825B-40DF-8A60-BA047451FE1F}.Release|Any CPU.Build.0 = Release|Any CPU
		{AC0187A1-D770-4756-AC2F-9E9BED3B8C8E}.Debug|Any CPU.ActiveCfg = Debug|Any CPU
		{AC0187A1-D770-4756-AC2F-9E9BED3B8C8E}.Debug|Any CPU.Build.0 = Debug|Any CPU
		{AC0187A1-D770-4756-AC2F-9E9BED3B8C8E}.Release|Any CPU.ActiveCfg = Release|Any CPU
		{AC0187A1-D770-4756-AC2F-9E9BED3B8C8E}.Release|Any CPU.Build.0 = Release|Any CPU
		{AAB776AB-EA1C-44A5-AE40-A5736555F210}.Debug|Any CPU.ActiveCfg = Debug|Any CPU
		{AAB776AB-EA1C-44A5-AE40-A5736555F210}.Debug|Any CPU.Build.0 = Debug|Any CPU
		{AAB776AB-EA1C-44A5-AE40-A5736555F210}.Release|Any CPU.ActiveCfg = Release|Any CPU
		{AAB776AB-EA1C-44A5-AE40-A5736555F210}.Release|Any CPU.Build.0 = Release|Any CPU
		{CE2CFAC6-8584-4960-AA33-F8F4DC489DB8}.Debug|Any CPU.ActiveCfg = Debug|Any CPU
		{CE2CFAC6-8584-4960-AA33-F8F4DC489DB8}.Debug|Any CPU.Build.0 = Debug|Any CPU
		{CE2CFAC6-8584-4960-AA33-F8F4DC489DB8}.Release|Any CPU.ActiveCfg = Release|Any CPU
		{CE2CFAC6-8584-4960-AA33-F8F4DC489DB8}.Release|Any CPU.Build.0 = Release|Any CPU
		{FBA55F44-20E0-4C74-BAFD-AF9809C96498}.Debug|Any CPU.ActiveCfg = Debug|Any CPU
		{FBA55F44-20E0-4C74-BAFD-AF9809C96498}.Debug|Any CPU.Build.0 = Debug|Any CPU
		{FBA55F44-20E0-4C74-BAFD-AF9809C96498}.Release|Any CPU.ActiveCfg = Release|Any CPU
		{FBA55F44-20E0-4C74-BAFD-AF9809C96498}.Release|Any CPU.Build.0 = Release|Any CPU
		{1E370AA1-804F-4C92-B653-AB2FD66FCBB0}.Debug|Any CPU.ActiveCfg = Debug|Any CPU
		{1E370AA1-804F-4C92-B653-AB2FD66FCBB0}.Debug|Any CPU.Build.0 = Debug|Any CPU
		{1E370AA1-804F-4C92-B653-AB2FD66FCBB0}.Release|Any CPU.ActiveCfg = Release|Any CPU
		{1E370AA1-804F-4C92-B653-AB2FD66FCBB0}.Release|Any CPU.Build.0 = Release|Any CPU
		{02B9854F-88C4-4F1E-8D96-D27FF01FDB2D}.Debug|Any CPU.ActiveCfg = Debug|Any CPU
		{02B9854F-88C4-4F1E-8D96-D27FF01FDB2D}.Debug|Any CPU.Build.0 = Debug|Any CPU
		{02B9854F-88C4-4F1E-8D96-D27FF01FDB2D}.Release|Any CPU.ActiveCfg = Release|Any CPU
		{02B9854F-88C4-4F1E-8D96-D27FF01FDB2D}.Release|Any CPU.Build.0 = Release|Any CPU
		{41223D8D-DFCF-45EA-8407-93E1A2BEA143}.Debug|Any CPU.ActiveCfg = Debug|Any CPU
		{41223D8D-DFCF-45EA-8407-93E1A2BEA143}.Debug|Any CPU.Build.0 = Debug|Any CPU
		{41223D8D-DFCF-45EA-8407-93E1A2BEA143}.Release|Any CPU.ActiveCfg = Release|Any CPU
		{41223D8D-DFCF-45EA-8407-93E1A2BEA143}.Release|Any CPU.Build.0 = Release|Any CPU
		{7FEF7AB8-4CD6-4401-93FC-9C325D6DD4F6}.Debug|Any CPU.ActiveCfg = Debug|Any CPU
		{7FEF7AB8-4CD6-4401-93FC-9C325D6DD4F6}.Debug|Any CPU.Build.0 = Debug|Any CPU
		{7FEF7AB8-4CD6-4401-93FC-9C325D6DD4F6}.Release|Any CPU.ActiveCfg = Release|Any CPU
		{7FEF7AB8-4CD6-4401-93FC-9C325D6DD4F6}.Release|Any CPU.Build.0 = Release|Any CPU
		{1FB63AAA-3D7A-415C-8146-CF8D1AA1C356}.Debug|Any CPU.ActiveCfg = Debug|Any CPU
		{1FB63AAA-3D7A-415C-8146-CF8D1AA1C356}.Debug|Any CPU.Build.0 = Debug|Any CPU
		{1FB63AAA-3D7A-415C-8146-CF8D1AA1C356}.Release|Any CPU.ActiveCfg = Release|Any CPU
		{1FB63AAA-3D7A-415C-8146-CF8D1AA1C356}.Release|Any CPU.Build.0 = Release|Any CPU
		{0C7FB1E7-00D1-49C6-9E07-F27469E20C27}.Debug|Any CPU.ActiveCfg = Debug|Any CPU
		{0C7FB1E7-00D1-49C6-9E07-F27469E20C27}.Debug|Any CPU.Build.0 = Debug|Any CPU
		{0C7FB1E7-00D1-49C6-9E07-F27469E20C27}.Release|Any CPU.ActiveCfg = Release|Any CPU
		{0C7FB1E7-00D1-49C6-9E07-F27469E20C27}.Release|Any CPU.Build.0 = Release|Any CPU
		{D56C4196-49FE-49CC-80A5-8848F2ADF77D}.Debug|Any CPU.ActiveCfg = Debug|Any CPU
		{D56C4196-49FE-49CC-80A5-8848F2ADF77D}.Debug|Any CPU.Build.0 = Debug|Any CPU
		{D56C4196-49FE-49CC-80A5-8848F2ADF77D}.Release|Any CPU.ActiveCfg = Release|Any CPU
		{D56C4196-49FE-49CC-80A5-8848F2ADF77D}.Release|Any CPU.Build.0 = Release|Any CPU
	EndGlobalSection
	GlobalSection(SolutionProperties) = preSolution
		HideSolutionNode = FALSE
	EndGlobalSection
	GlobalSection(NestedProjects) = preSolution
		{3F8A5C99-5F6F-48CD-8B13-4C623FD76979} = {D79DAE15-1F93-43F2-846E-B168057C7968}
		{2DB1396A-C382-4BA8-93B9-0266B978C716} = {F39E35EE-E0DD-4E52-B58E-6F2AACAE2CDD}
		{F9D45B26-E85B-4D73-A848-87CAC4AE6B91} = {F45E9E72-4913-4B3D-9C9A-C132F7BE3DFC}
		{55F5DE79-B3A1-4767-A3F2-72F298810BF3} = {F66CA822-9302-438E-88FF-565CCAAC20E9}
		{770C5B9B-7759-4FA1-8D7B-E78B031352C8} = {18FC6D21-3059-4F85-806A-18217AC4E844}
		{4FECBD4A-E692-4CDF-8EFD-03E15CB748E2} = {770C5B9B-7759-4FA1-8D7B-E78B031352C8}
		{1088EB40-86C3-4129-B45E-FB18A7849036} = {4FECBD4A-E692-4CDF-8EFD-03E15CB748E2}
		{32855C86-2C56-41C6-BBDE-B488E8FB34DC} = {4FECBD4A-E692-4CDF-8EFD-03E15CB748E2}
		{C79AEC93-FFAD-4DA8-8997-80B4EAFFE546} = {770C5B9B-7759-4FA1-8D7B-E78B031352C8}
		{3E5F52C6-5571-4946-BA70-513367FBB076} = {C79AEC93-FFAD-4DA8-8997-80B4EAFFE546}
		{ED6734B1-18C1-421F-9E0F-89C5D0EA2B28} = {770C5B9B-7759-4FA1-8D7B-E78B031352C8}
		{CE75B8BA-E0BC-4946-9C30-5C1A36389E01} = {C79AEC93-FFAD-4DA8-8997-80B4EAFFE546}
		{B5B56CE5-0332-406F-9A4C-D714FCD94F68} = {ED6734B1-18C1-421F-9E0F-89C5D0EA2B28}
		{38C9C523-94BB-46D8-891B-00F2F67D0FAE} = {18FC6D21-3059-4F85-806A-18217AC4E844}
		{11D646AD-21B8-4E48-B98D-7A05C9877B8F} = {38C9C523-94BB-46D8-891B-00F2F67D0FAE}
		{DAEA661C-CC7B-4878-8416-7B3A575CD79E} = {38C9C523-94BB-46D8-891B-00F2F67D0FAE}
		{00EAA243-DEBB-4E9B-8115-0BB308F0D95A} = {38C9C523-94BB-46D8-891B-00F2F67D0FAE}
		{8B7C0160-EC61-4A0D-978A-19C586F92B55} = {11D646AD-21B8-4E48-B98D-7A05C9877B8F}
		{36604C98-F4C4-4DDB-A285-786EA414CFBC} = {11D646AD-21B8-4E48-B98D-7A05C9877B8F}
		{604792C3-CABF-42A3-9638-2DF3AF52A665} = {DAEA661C-CC7B-4878-8416-7B3A575CD79E}
		{AB4A990B-C533-42BC-BB01-4C94088AFC10} = {00EAA243-DEBB-4E9B-8115-0BB308F0D95A}
		{1FE3C37C-394F-4147-BF33-BC04DAE8935A} = {18FC6D21-3059-4F85-806A-18217AC4E844}
		{41BD57CB-8BB0-44BF-9867-2900F30CE5AF} = {1FE3C37C-394F-4147-BF33-BC04DAE8935A}
		{EDB8FF66-8929-4551-82B8-52B8ED4BF664} = {1FE3C37C-394F-4147-BF33-BC04DAE8935A}
		{EC1908A8-83B7-416F-A8DE-F005580C5480} = {1FE3C37C-394F-4147-BF33-BC04DAE8935A}
		{B5ECFEC4-6FF2-4F49-A096-A0A1E680E301} = {41BD57CB-8BB0-44BF-9867-2900F30CE5AF}
		{05C402E9-D392-4CA9-A739-5098D2E44EBE} = {41BD57CB-8BB0-44BF-9867-2900F30CE5AF}
		{63E9A3A5-3A98-48BA-93B7-8F186D2AF957} = {EDB8FF66-8929-4551-82B8-52B8ED4BF664}
		{436971C0-CF73-4220-AB6B-EC19C44245A0} = {EC1908A8-83B7-416F-A8DE-F005580C5480}
		{05EBD4FB-B614-4219-9798-DDD81139DFC9} = {18FC6D21-3059-4F85-806A-18217AC4E844}
		{05FD27CE-5D29-4FE8-98BA-CED9C22F84EE} = {05EBD4FB-B614-4219-9798-DDD81139DFC9}
		{883576C6-7D4E-407B-BFB0-E8AF5FEDAEE0} = {05EBD4FB-B614-4219-9798-DDD81139DFC9}
		{F7D05F9F-D24D-4682-8838-537432A0F5EA} = {05EBD4FB-B614-4219-9798-DDD81139DFC9}
		{02DFC270-A094-4A89-AD76-AC8F8CC47AB4} = {05FD27CE-5D29-4FE8-98BA-CED9C22F84EE}
		{F1B1421D-ECBD-407B-998B-29972049D10C} = {F7D05F9F-D24D-4682-8838-537432A0F5EA}
		{3C4EDEB0-FB03-44DD-8319-5400D0D0C01E} = {883576C6-7D4E-407B-BFB0-E8AF5FEDAEE0}
		{F16B24AE-9C50-4429-B4CB-129F97897B7A} = {05FD27CE-5D29-4FE8-98BA-CED9C22F84EE}
		{274FAD15-72FA-4B16-B928-9C57440D5CFB} = {18FC6D21-3059-4F85-806A-18217AC4E844}
		{331FFA54-354D-42D3-88C6-2A0430B3225A} = {274FAD15-72FA-4B16-B928-9C57440D5CFB}
		{86EE77D1-6807-4D4B-8084-4180AD7494C9} = {274FAD15-72FA-4B16-B928-9C57440D5CFB}
		{43923C69-6626-414C-B01B-D9F8C1283E4F} = {274FAD15-72FA-4B16-B928-9C57440D5CFB}
		{4F952045-146F-4453-B501-7E814BEC3AF1} = {274FAD15-72FA-4B16-B928-9C57440D5CFB}
		{DF9D8A36-2F5F-41A4-9CDF-B8A8BDF74FB1} = {86EE77D1-6807-4D4B-8084-4180AD7494C9}
		{CAB0E651-156D-4432-B993-025E77DD65FF} = {4F952045-146F-4453-B501-7E814BEC3AF1}
		{5C3528A5-B0F8-495E-99F2-4CD2CA692D4A} = {43923C69-6626-414C-B01B-D9F8C1283E4F}
		{7A303011-825B-40DF-8A60-BA047451FE1F} = {331FFA54-354D-42D3-88C6-2A0430B3225A}
		{25E7DD41-EA1A-41F3-A63F-7BE019362797} = {18FC6D21-3059-4F85-806A-18217AC4E844}
		{EB3D3697-E5E0-400C-A4A9-3EA351F6FB5B} = {25E7DD41-EA1A-41F3-A63F-7BE019362797}
		{2546420F-D2C4-400F-B6BF-B52E348B593D} = {25E7DD41-EA1A-41F3-A63F-7BE019362797}
		{55F2AEC9-496B-4A56-81A1-C23A3EE5D306} = {25E7DD41-EA1A-41F3-A63F-7BE019362797}
		{AC0187A1-D770-4756-AC2F-9E9BED3B8C8E} = {EB3D3697-E5E0-400C-A4A9-3EA351F6FB5B}
		{AAB776AB-EA1C-44A5-AE40-A5736555F210} = {2546420F-D2C4-400F-B6BF-B52E348B593D}
		{CE2CFAC6-8584-4960-AA33-F8F4DC489DB8} = {55F2AEC9-496B-4A56-81A1-C23A3EE5D306}
		{FBA55F44-20E0-4C74-BAFD-AF9809C96498} = {EB3D3697-E5E0-400C-A4A9-3EA351F6FB5B}
		{D21C934B-AA79-4382-8B4F-212EDED57205} = {18FC6D21-3059-4F85-806A-18217AC4E844}
		{1E370AA1-804F-4C92-B653-AB2FD66FCBB0} = {D21C934B-AA79-4382-8B4F-212EDED57205}
		{C49B3848-AD32-41CA-8208-64C1BE6E33A5} = {18FC6D21-3059-4F85-806A-18217AC4E844}
		{D7109594-5C98-4585-8413-FD476DA30DE2} = {C49B3848-AD32-41CA-8208-64C1BE6E33A5}
		{914D4CD5-057A-4F82-960C-7AB2B95EE994} = {C49B3848-AD32-41CA-8208-64C1BE6E33A5}
		{F5AE56BB-0F5A-459E-9976-D2BC1D15BB10} = {C49B3848-AD32-41CA-8208-64C1BE6E33A5}
		{02B9854F-88C4-4F1E-8D96-D27FF01FDB2D} = {D7109594-5C98-4585-8413-FD476DA30DE2}
		{41223D8D-DFCF-45EA-8407-93E1A2BEA143} = {D7109594-5C98-4585-8413-FD476DA30DE2}
		{7FEF7AB8-4CD6-4401-93FC-9C325D6DD4F6} = {914D4CD5-057A-4F82-960C-7AB2B95EE994}
		{1FB63AAA-3D7A-415C-8146-CF8D1AA1C356} = {F5AE56BB-0F5A-459E-9976-D2BC1D15BB10}
		{835BFBDA-6695-4AA5-BE2C-51783FA7FC60} = {18FC6D21-3059-4F85-806A-18217AC4E844}
		{B7E4CC61-734E-498B-AC5F-B26215B88623} = {835BFBDA-6695-4AA5-BE2C-51783FA7FC60}
		{D19E7986-6D3C-4A98-8784-7A108FDEE570} = {835BFBDA-6695-4AA5-BE2C-51783FA7FC60}
		{08FEEB08-745D-4B32-8800-094FAE21406F} = {835BFBDA-6695-4AA5-BE2C-51783FA7FC60}
		{0C7FB1E7-00D1-49C6-9E07-F27469E20C27} = {B7E4CC61-734E-498B-AC5F-B26215B88623}
		{D56C4196-49FE-49CC-80A5-8848F2ADF77D} = {B7E4CC61-734E-498B-AC5F-B26215B88623}
	EndGlobalSection
	GlobalSection(ExtensibilityGlobals) = postSolution
		SolutionGuid = {CC1628FE-1C14-4F5F-9074-308AA558A6A8}
	EndGlobalSection
EndGlobal
